github.com/steve-care-software/grammars v0.0.0-20230310001706-3588b58755fe h1:0EqNU62HPxHksOqrdVN8wNqQQJ0qxxh8pZor05Yq1Vw=
github.com/steve-care-software/grammars v0.0.0-20230310001706-3588b58755fe/go.mod h1:6iEQ6dw0+smPHJrt3MA0y+4NYtW1CWR7uJOH9CqXDCs=
github.com/steve-care-software/libs v0.0.0-20230310001156-9136f1b9b2b7 h1:vMb7/2K7jZykdtoMCRjc0TE61hSybm/WkTFFgNG9oas=
github.com/steve-care-software/libs v0.0.0-20230310001156-9136f1b9b2b7/go.mod h1:MF+XUhALBnkezlmXhGI5ZWB6rG5KE0LB8XhF+l/Bkk8=
